{
  "name": "MakeFriends",
  "lockfileVersion": 3,
  "requires": true,
  "packages": {
    "": {
      "dependencies": {
        "@dcloudio/uni-ui": "^1.5.11",
        "element-china-division": "^0.0.3"
      }
    },
    "node_modules/@dcloudio/uni-ui": {
      "version": "1.5.11",
      "resolved": "https://registry.npmjs.org/@dcloudio/uni-ui/-/uni-ui-1.5.11.tgz",
      "integrity": "sha512-DBtk046ofmeFd82zRI7d89SoEwrAxYzUN3WVPm1DIBkpLPG5F5QDNkHMnZGu2wNrMEmGBjBpUh3vqEY1L3jaMw=="
    },
    "node_modules/element-china-division": {
      "version": "0.0.3",
      "resolved": "https://registry.npmjs.org/element-china-division/-/element-china-division-0.0.3.tgz",
      "integrity": "sha512-DwKiXa3U9T+2p0MBcjegnQOKRggNecQ7a7yUlYql2Kz5vKabIFjWWql7b+AiT5sYqPUFcTd+V1nkITiODiWVDw==",
      "dependencies": {
        "path-browserify": "^1.0.1"
      }
    },
    "node_modules/path-browserify": {
      "version": "1.0.1",
      "resolved": "https://registry.npmjs.org/path-browserify/-/path-browserify-1.0.1.tgz",
      "integrity": "sha512-b7uo2UCUOYZcnF/3ID0lulOJi/bafxa1xPe7ZPsammBSpjSWQkjNxlt635YGS2MiR9GjvuXCtz2emr3jbsz98g=="
    }
  }
}
